
Microsoft Visual Studio Solution File, Format Version 12.00
# Visual Studio 14
VisualStudioVersion = 14.0.22310.1
MinimumVisualStudioVersion = 10.0.40219.1
Project("{FAE04EC0-301F-11D3-BF4B-00C04F79EFBC}") = "Ch1 Strategy", "Strategy\Ch1 Strategy.csproj", "{2D069544-0D7A-40EF-A9E8-88131EE3F6E7}"
EndProject
Project("{2150E333-8FDC-42A3-9474-1A3956D46DE8}") = "Solution Items", "Solution Items", "{47221B5B-E4BE-41A8-A60F-5306786E55AB}"
	ProjectSection(SolutionItems) = preProject
		README.txt = README.txt
	EndProjectSection
EndProject
Project("{FAE04EC0-301F-11D3-BF4B-00C04F79EFBC}") = "Ch2 Observer", "Ch2 Observer\Ch2 Observer.csproj", "{416399DC-33C4-4936-B439-F72917EF162F}"
EndProject
Project("{FAE04EC0-301F-11D3-BF4B-00C04F79EFBC}") = "Ch2 Observer.IObservable", "Ch2 Observer.IObservable\Ch2 Observer.IObservable.csproj", "{7D0E97E4-F743-469B-8779-361C29490465}"
EndProject
Project("{FAE04EC0-301F-11D3-BF4B-00C04F79EFBC}") = "Ch3 Decorator", "Ch3 Decorator\Ch3 Decorator.csproj", "{0D8E05E9-9D86-4F67-8D0E-5597EBA60403}"
EndProject
Project("{F088123C-0E9E-452A-89E6-6BA2F21D5CAC}") = "DesignPatterns", "DesignPatterns\DesignPatterns.modelproj", "{E8960089-1D53-430C-8F68-A5C1C044E542}"
EndProject
Project("{FAE04EC0-301F-11D3-BF4B-00C04F79EFBC}") = "Ch3 Decorator.IO", "Ch3 Decorator.IO\Ch3 Decorator.IO.csproj", "{C90ADA3B-6DAB-4F1D-B4A8-019B7B3DCC89}"
EndProject
Project("{FAE04EC0-301F-11D3-BF4B-00C04F79EFBC}") = "Ch4 Factory", "Ch4 Factory\Ch4 Factory.csproj", "{FF892E21-AFC8-43AC-9903-6BB231F32A22}"
EndProject
Project("{FAE04EC0-301F-11D3-BF4B-00C04F79EFBC}") = "Ch5 Singleton", "Ch5 Singleton\Ch5 Singleton.csproj", "{89284021-9F3B-4AE2-9B9B-4C94FC13F1E2}"
EndProject
Project("{FAE04EC0-301F-11D3-BF4B-00C04F79EFBC}") = "Ch6 Command", "Ch6 Command\Ch6 Command.csproj", "{302D23EB-9E75-4936-85E9-93F767401F72}"
EndProject
Project("{FAE04EC0-301F-11D3-BF4B-00C04F79EFBC}") = "Ch7 Adapter", "Ch7 Adapter\Ch7 Adapter.csproj", "{C1D1C2C0-D7D7-4510-BAEF-129D98ED58C1}"
EndProject
Global
	GlobalSection(SolutionConfigurationPlatforms) = preSolution
		Debug|Any CPU = Debug|Any CPU
		Release|Any CPU = Release|Any CPU
	EndGlobalSection
	GlobalSection(ProjectConfigurationPlatforms) = postSolution
		{2D069544-0D7A-40EF-A9E8-88131EE3F6E7}.Debug|Any CPU.ActiveCfg = Debug|Any CPU
		{2D069544-0D7A-40EF-A9E8-88131EE3F6E7}.Debug|Any CPU.Build.0 = Debug|Any CPU
		{2D069544-0D7A-40EF-A9E8-88131EE3F6E7}.Release|Any CPU.ActiveCfg = Release|Any CPU
		{2D069544-0D7A-40EF-A9E8-88131EE3F6E7}.Release|Any CPU.Build.0 = Release|Any CPU
		{416399DC-33C4-4936-B439-F72917EF162F}.Debug|Any CPU.ActiveCfg = Debug|Any CPU
		{416399DC-33C4-4936-B439-F72917EF162F}.Debug|Any CPU.Build.0 = Debug|Any CPU
		{416399DC-33C4-4936-B439-F72917EF162F}.Release|Any CPU.ActiveCfg = Release|Any CPU
		{416399DC-33C4-4936-B439-F72917EF162F}.Release|Any CPU.Build.0 = Release|Any CPU
		{7D0E97E4-F743-469B-8779-361C29490465}.Debug|Any CPU.ActiveCfg = Debug|Any CPU
		{7D0E97E4-F743-469B-8779-361C29490465}.Debug|Any CPU.Build.0 = Debug|Any CPU
		{7D0E97E4-F743-469B-8779-361C29490465}.Release|Any CPU.ActiveCfg = Release|Any CPU
		{7D0E97E4-F743-469B-8779-361C29490465}.Release|Any CPU.Build.0 = Release|Any CPU
		{0D8E05E9-9D86-4F67-8D0E-5597EBA60403}.Debug|Any CPU.ActiveCfg = Debug|Any CPU
		{0D8E05E9-9D86-4F67-8D0E-5597EBA60403}.Debug|Any CPU.Build.0 = Debug|Any CPU
		{0D8E05E9-9D86-4F67-8D0E-5597EBA60403}.Release|Any CPU.ActiveCfg = Release|Any CPU
		{0D8E05E9-9D86-4F67-8D0E-5597EBA60403}.Release|Any CPU.Build.0 = Release|Any CPU
		{E8960089-1D53-430C-8F68-A5C1C044E542}.Debug|Any CPU.ActiveCfg = Debug|Any CPU
		{E8960089-1D53-430C-8F68-A5C1C044E542}.Debug|Any CPU.Build.0 = Debug|Any CPU
		{E8960089-1D53-430C-8F68-A5C1C044E542}.Release|Any CPU.ActiveCfg = Release|Any CPU
		{E8960089-1D53-430C-8F68-A5C1C044E542}.Release|Any CPU.Build.0 = Release|Any CPU
		{C90ADA3B-6DAB-4F1D-B4A8-019B7B3DCC89}.Debug|Any CPU.ActiveCfg = Debug|Any CPU
		{C90ADA3B-6DAB-4F1D-B4A8-019B7B3DCC89}.Debug|Any CPU.Build.0 = Debug|Any CPU
		{C90ADA3B-6DAB-4F1D-B4A8-019B7B3DCC89}.Release|Any CPU.ActiveCfg = Release|Any CPU
		{C90ADA3B-6DAB-4F1D-B4A8-019B7B3DCC89}.Release|Any CPU.Build.0 = Release|Any CPU
		{FF892E21-AFC8-43AC-9903-6BB231F32A22}.Debug|Any CPU.ActiveCfg = Debug|Any CPU
		{FF892E21-AFC8-43AC-9903-6BB231F32A22}.Debug|Any CPU.Build.0 = Debug|Any CPU
		{FF892E21-AFC8-43AC-9903-6BB231F32A22}.Release|Any CPU.ActiveCfg = Release|Any CPU
		{FF892E21-AFC8-43AC-9903-6BB231F32A22}.Release|Any CPU.Build.0 = Release|Any CPU
		{89284021-9F3B-4AE2-9B9B-4C94FC13F1E2}.Debug|Any CPU.ActiveCfg = Debug|Any CPU
		{89284021-9F3B-4AE2-9B9B-4C94FC13F1E2}.Debug|Any CPU.Build.0 = Debug|Any CPU
		{89284021-9F3B-4AE2-9B9B-4C94FC13F1E2}.Release|Any CPU.ActiveCfg = Release|Any CPU
		{89284021-9F3B-4AE2-9B9B-4C94FC13F1E2}.Release|Any CPU.Build.0 = Release|Any CPU
		{302D23EB-9E75-4936-85E9-93F767401F72}.Debug|Any CPU.ActiveCfg = Debug|Any CPU
		{302D23EB-9E75-4936-85E9-93F767401F72}.Debug|Any CPU.Build.0 = Debug|Any CPU
		{302D23EB-9E75-4936-85E9-93F767401F72}.Release|Any CPU.ActiveCfg = Release|Any CPU
		{302D23EB-9E75-4936-85E9-93F767401F72}.Release|Any CPU.Build.0 = Release|Any CPU
		{C1D1C2C0-D7D7-4510-BAEF-129D98ED58C1}.Debug|Any CPU.ActiveCfg = Debug|Any CPU
		{C1D1C2C0-D7D7-4510-BAEF-129D98ED58C1}.Debug|Any CPU.Build.0 = Debug|Any CPU
		{C1D1C2C0-D7D7-4510-BAEF-129D98ED58C1}.Release|Any CPU.ActiveCfg = Release|Any CPU
		{C1D1C2C0-D7D7-4510-BAEF-129D98ED58C1}.Release|Any CPU.Build.0 = Release|Any CPU
	EndGlobalSection
	GlobalSection(SolutionProperties) = preSolution
		HideSolutionNode = FALSE
	EndGlobalSection
EndGlobal
